
Microsoft Visual Studio Solution File, Format Version 12.00
# Visual Studio Version 16
VisualStudioVersion = 16.0.30114.105
MinimumVisualStudioVersion = 10.0.40219.1
Project("{FAE04EC0-301F-11D3-BF4B-00C04F79EFBC}") = "API", "API\API.csproj", "{6BF409EE-889F-4E56-903D-2FEA2952EB55}"
EndProject
Project("{FAE04EC0-301F-11D3-BF4B-00C04F79EFBC}") = "Application", "Application\Application.csproj", "{0F0C0A92-4C8C-429E-B58E-AF99D2DE258F}"
EndProject
Project("{FAE04EC0-301F-11D3-BF4B-00C04F79EFBC}") = "Domain", "Domain\Domain.csproj", "{1CDF1CE9-1A22-471A-8A3E-0431B419EEC8}"
EndProject
Project("{FAE04EC0-301F-11D3-BF4B-00C04F79EFBC}") = "Persistence", "Persistence\Persistence.csproj", "{C61D823E-5474-4D3E-B841-69F1D8BD5D34}"
EndProject
Global
	GlobalSection(SolutionConfigurationPlatforms) = preSolution
		Debug|Any CPU = Debug|Any CPU
		Release|Any CPU = Release|Any CPU
	EndGlobalSection
	GlobalSection(SolutionProperties) = preSolution
		HideSolutionNode = FALSE
	EndGlobalSection
	GlobalSection(ProjectConfigurationPlatforms) = postSolution
		{6BF409EE-889F-4E56-903D-2FEA2952EB55}.Debug|Any CPU.ActiveCfg = Debug|Any CPU
		{6BF409EE-889F-4E56-903D-2FEA2952EB55}.Debug|Any CPU.Build.0 = Debug|Any CPU
		{6BF409EE-889F-4E56-903D-2FEA2952EB55}.Release|Any CPU.ActiveCfg = Release|Any CPU
		{6BF409EE-889F-4E56-903D-2FEA2952EB55}.Release|Any CPU.Build.0 = Release|Any CPU
		{0F0C0A92-4C8C-429E-B58E-AF99D2DE258F}.Debug|Any CPU.ActiveCfg = Debug|Any CPU
		{0F0C0A92-4C8C-429E-B58E-AF99D2DE258F}.Debug|Any CPU.Build.0 = Debug|Any CPU
		{0F0C0A92-4C8C-429E-B58E-AF99D2DE258F}.Release|Any CPU.ActiveCfg = Release|Any CPU
		{0F0C0A92-4C8C-429E-B58E-AF99D2DE258F}.Release|Any CPU.Build.0 = Release|Any CPU
		{1CDF1CE9-1A22-471A-8A3E-0431B419EEC8}.Debug|Any CPU.ActiveCfg = Debug|Any CPU
		{1CDF1CE9-1A22-471A-8A3E-0431B419EEC8}.Debug|Any CPU.Build.0 = Debug|Any CPU
		{1CDF1CE9-1A22-471A-8A3E-0431B419EEC8}.Release|Any CPU.ActiveCfg = Release|Any CPU
		{1CDF1CE9-1A22-471A-8A3E-0431B419EEC8}.Release|Any CPU.Build.0 = Release|Any CPU
		{C61D823E-5474-4D3E-B841-69F1D8BD5D34}.Debug|Any CPU.ActiveCfg = Debug|Any CPU
		{C61D823E-5474-4D3E-B841-69F1D8BD5D34}.Debug|Any CPU.Build.0 = Debug|Any CPU
		{C61D823E-5474-4D3E-B841-69F1D8BD5D34}.Release|Any CPU.ActiveCfg = Release|Any CPU
		{C61D823E-5474-4D3E-B841-69F1D8BD5D34}.Release|Any CPU.Build.0 = Release|Any CPU
	EndGlobalSection
EndGlobal
